// !$*UTF8*$!
{
	archiveVersion = 1;
	classes = {
	};
	objectVersion = 46;
	objects = {

/* Begin PBXBuildFile section */
		5900F67A16EF5697003D63D2 /* seal30@2x.png in Resources */ = {isa = PBXBuildFile; fileRef = 5900F67716EF5697003D63D2 /* seal30@2x.png */; };
		5900F68416EF5716003D63D2 /* logoscan2@2x.png in Resources */ = {isa = PBXBuildFile; fileRef = 5900F67E16EF5716003D63D2 /* logoscan2@2x.png */; };
		5900F68516EF5716003D63D2 /* shark30@2x.png in Resources */ = {isa = PBXBuildFile; fileRef = 5900F67F16EF5716003D63D2 /* shark30@2x.png */; };
		5900F68616EF5716003D63D2 /* TableCellBackground@2x.png in Resources */ = {isa = PBXBuildFile; fileRef = 5900F68016EF5716003D63D2 /* TableCellBackground@2x.png */; };
		5900F68716EF5716003D63D2 /* TableIconPlane@2x.png in Resources */ = {isa = PBXBuildFile; fileRef = 5900F68116EF5716003D63D2 /* TableIconPlane@2x.png */; };
		5900F68816EF5716003D63D2 /* whale30@2x.png in Resources */ = {isa = PBXBuildFile; fileRef = 5900F68216EF5716003D63D2 /* whale30@2x.png */; };
		5910CB4F16DA3A6B00B1840D /* InfoPlist.strings in Resources */ = {isa = PBXBuildFile; fileRef = 5910CB2216DA3A6B00B1840D /* InfoPlist.strings */; };
		5910CB5016DA3A6B00B1840D /* ListView.xib in Resources */ = {isa = PBXBuildFile; fileRef = 5910CB2416DA3A6B00B1840D /* ListView.xib */; };
		5910CB5116DA3A6B00B1840D /* MainWindow.xib in Resources */ = {isa = PBXBuildFile; fileRef = 5910CB2616DA3A6B00B1840D /* MainWindow.xib */; };
		5910CB5216DA3A6B00B1840D /* MapView.xib in Resources */ = {isa = PBXBuildFile; fileRef = 5910CB2816DA3A6B00B1840D /* MapView.xib */; };
		5910CB5316DA3A6B00B1840D /* HomeView.xib in Resources */ = {isa = PBXBuildFile; fileRef = 5910CB2A16DA3A6B00B1840D /* HomeView.xib */; };
		5910CB5416DA3A6B00B1840D /* HomeViewController.m in Sources */ = {isa = PBXBuildFile; fileRef = 5910CB2C16DA3A6B00B1840D /* HomeViewController.m */; };
		5910CB5516DA3A6B00B1840D /* ListViewController.m in Sources */ = {isa = PBXBuildFile; fileRef = 5910CB2E16DA3A6B00B1840D /* ListViewController.m */; };
		5910CB5616DA3A6B00B1840D /* main.m in Sources */ = {isa = PBXBuildFile; fileRef = 5910CB2F16DA3A6B00B1840D /* main.m */; };
		5910CB5716DA3A6B00B1840D /* MapViewController.m in Sources */ = {isa = PBXBuildFile; fileRef = 5910CB3116DA3A6B00B1840D /* MapViewController.m */; };
		5910CB5816DA3A6B00B1840D /* ScanFilterView.xib in Resources */ = {isa = PBXBuildFile; fileRef = 5910CB3216DA3A6B00B1840D /* ScanFilterView.xib */; };
		5910CB5916DA3A6B00B1840D /* ScanFilterViewController.m in Sources */ = {isa = PBXBuildFile; fileRef = 5910CB3416DA3A6B00B1840D /* ScanFilterViewController.m */; };
		5910CB5A16DA3A6B00B1840D /* SeaScanApp-Info.plist in Resources */ = {isa = PBXBuildFile; fileRef = 5910CB3516DA3A6B00B1840D /* SeaScanApp-Info.plist */; };
		5910CB5B16DA3A6B00B1840D /* SharkScanAppDelegate.m in Sources */ = {isa = PBXBuildFile; fileRef = 5910CB3816DA3A6B00B1840D /* SharkScanAppDelegate.m */; };
		5910CB5C16DA3A6B00B1840D /* SSDataManager.m in Sources */ = {isa = PBXBuildFile; fileRef = 5910CB3A16DA3A6B00B1840D /* SSDataManager.m */; };
		5910CB5D16DA3A6B00B1840D /* SSLatestTargets.m in Sources */ = {isa = PBXBuildFile; fileRef = 5910CB3C16DA3A6B00B1840D /* SSLatestTargets.m */; };
		5910CB5E16DA3A6B00B1840D /* SSLocation.m in Sources */ = {isa = PBXBuildFile; fileRef = 5910CB3E16DA3A6B00B1840D /* SSLocation.m */; };
		5910CB5F16DA3A6B00B1840D /* SSMission.m in Sources */ = {isa = PBXBuildFile; fileRef = 5910CB4016DA3A6B00B1840D /* SSMission.m */; };
		5910CB6016DA3A6B00B1840D /* SSMissionRoutePoint.m in Sources */ = {isa = PBXBuildFile; fileRef = 5910CB4216DA3A6B00B1840D /* SSMissionRoutePoint.m */; };
		5910CB6116DA3A6B00B1840D /* SSMissionRoutePointView.m in Sources */ = {isa = PBXBuildFile; fileRef = 5910CB4416DA3A6B00B1840D /* SSMissionRoutePointView.m */; };
		5910CB6216DA3A6B00B1840D /* SSMissionStats.m in Sources */ = {isa = PBXBuildFile; fileRef = 5910CB4616DA3A6B00B1840D /* SSMissionStats.m */; };
		5910CB6316DA3A6B00B1840D /* SSMissionView.m in Sources */ = {isa = PBXBuildFile; fileRef = 5910CB4816DA3A6B00B1840D /* SSMissionView.m */; };
		5910CB6416DA3A6B00B1840D /* SSSettings.m in Sources */ = {isa = PBXBuildFile; fileRef = 5910CB4A16DA3A6B00B1840D /* SSSettings.m */; };
		5910CB6516DA3A6B00B1840D /* SSTargetType.m in Sources */ = {isa = PBXBuildFile; fileRef = 5910CB4C16DA3A6B00B1840D /* SSTargetType.m */; };
		5910CB6616DA3A6B00B1840D /* SSWebServiceConsumer.m in Sources */ = {isa = PBXBuildFile; fileRef = 5910CB4E16DA3A6B00B1840D /* SSWebServiceConsumer.m */; };
		5910CB6D16DA3AAA00B1840D /* InfoPlist.strings in Resources */ = {isa = PBXBuildFile; fileRef = 5910CB6816DA3AAA00B1840D /* InfoPlist.strings */; };
		5910CB6E16DA3AAA00B1840D /* SeaScanAppTests-Info.plist in Resources */ = {isa = PBXBuildFile; fileRef = 5910CB6A16DA3AAA00B1840D /* SeaScanAppTests-Info.plist */; };
		5910CB6F16DA3AAA00B1840D /* SeaScanAppTests.m in Sources */ = {isa = PBXBuildFile; fileRef = 5910CB6C16DA3AAA00B1840D /* SeaScanAppTests.m */; };
		5920ABF916EF59BC00146B57 /* dolphin30@2x.png in Resources */ = {isa = PBXBuildFile; fileRef = 5920ABF816EF59BC00146B57 /* dolphin30@2x.png */; };
		59342E021674C812000A8938 /* gradientBackground.png in Resources */ = {isa = PBXBuildFile; fileRef = 59342DF21674C812000A8938 /* gradientBackground.png */; };
		5978081E16F1F2B9001160DE /* 01-refresh.png in Resources */ = {isa = PBXBuildFile; fileRef = 5978081616F1F2B9001160DE /* 01-refresh.png */; };
		5978081F16F1F2B9001160DE /* 01-refresh@2x.png in Resources */ = {isa = PBXBuildFile; fileRef = 5978081716F1F2B9001160DE /* 01-refresh@2x.png */; };
		5978082016F1F2B9001160DE /* 53-house.png in Resources */ = {isa = PBXBuildFile; fileRef = 5978081816F1F2B9001160DE /* 53-house.png */; };
		5978082116F1F2B9001160DE /* 53-house@2x.png in Resources */ = {isa = PBXBuildFile; fileRef = 5978081916F1F2B9001160DE /* 53-house@2x.png */; };
		5978082216F1F2B9001160DE /* 103-map.png in Resources */ = {isa = PBXBuildFile; fileRef = 5978081A16F1F2B9001160DE /* 103-map.png */; };
		5978082316F1F2B9001160DE /* 103-map@2x.png in Resources */ = {isa = PBXBuildFile; fileRef = 5978081B16F1F2B9001160DE /* 103-map@2x.png */; };
		5978082416F1F2B9001160DE /* 122-stats.png in Resources */ = {isa = PBXBuildFile; fileRef = 5978081C16F1F2B9001160DE /* 122-stats.png */; };
		5978082516F1F2B9001160DE /* 122-stats@2x.png in Resources */ = {isa = PBXBuildFile; fileRef = 5978081D16F1F2B9001160DE /* 122-stats@2x.png */; };
		5978082816F1F2F7001160DE /* 74-location.png in Resources */ = {isa = PBXBuildFile; fileRef = 5978082616F1F2F7001160DE /* 74-location.png */; };
		5978082916F1F2F7001160DE /* 74-location@2x.png in Resources */ = {isa = PBXBuildFile; fileRef = 5978082716F1F2F7001160DE /* 74-location@2x.png */; };
		5978EEFB16C7C08B00ADCCE3 /* dolphin30.png in Resources */ = {isa = PBXBuildFile; fileRef = 5978EEF716C7C08B00ADCCE3 /* dolphin30.png */; };
		5978EEFC16C7C08B00ADCCE3 /* seal30.png in Resources */ = {isa = PBXBuildFile; fileRef = 5978EEF816C7C08B00ADCCE3 /* seal30.png */; };
		5978EEFD16C7C08B00ADCCE3 /* shark30.png in Resources */ = {isa = PBXBuildFile; fileRef = 5978EEF916C7C08B00ADCCE3 /* shark30.png */; };
		5978EEFE16C7C08B00ADCCE3 /* whale30.png in Resources */ = {isa = PBXBuildFile; fileRef = 5978EEFA16C7C08B00ADCCE3 /* whale30.png */; };
		597A7A6316F4881B008B7B90 /* 20-gear-2.png in Resources */ = {isa = PBXBuildFile; fileRef = 597A7A6116F4881B008B7B90 /* 20-gear-2.png */; };
		597A7A6416F4881B008B7B90 /* 20-gear-2@2x.png in Resources */ = {isa = PBXBuildFile; fileRef = 597A7A6216F4881B008B7B90 /* 20-gear-2@2x.png */; };
		597AB4C9168C78D6008205FD /* libRestKit.a in Frameworks */ = {isa = PBXBuildFile; fileRef = 597AAD08168C73E3008205FD /* libRestKit.a */; };
		597AB4CC168C7931008205FD /* CoreData.framework in Frameworks */ = {isa = PBXBuildFile; fileRef = 597AB4CB168C7931008205FD /* CoreData.framework */; };
		597AB4CE168C794C008205FD /* Security.framework in Frameworks */ = {isa = PBXBuildFile; fileRef = 597AB4CD168C794C008205FD /* Security.framework */; };
		597AB4D0168C7E70008205FD /* Default-568h@2x.png in Resources */ = {isa = PBXBuildFile; fileRef = 597AB4CF168C7E70008205FD /* Default-568h@2x.png */; };
		5997A53D16575F55004390B6 /* CFNetwork.framework in Frameworks */ = {isa = PBXBuildFile; fileRef = 5997A53C16575F55004390B6 /* CFNetwork.framework */; };
		5997A53F16576080004390B6 /* MobileCoreServices.framework in Frameworks */ = {isa = PBXBuildFile; fileRef = 5997A53E16576080004390B6 /* MobileCoreServices.framework */; };
		5997A541165760D3004390B6 /* libxml2.dylib in Frameworks */ = {isa = PBXBuildFile; fileRef = 5997A540165760D3004390B6 /* libxml2.dylib */; };
		5997A543165760E2004390B6 /* libz.dylib in Frameworks */ = {isa = PBXBuildFile; fileRef = 5997A542165760E2004390B6 /* libz.dylib */; };
		5997A5441657622F004390B6 /* CFNetwork.framework in Frameworks */ = {isa = PBXBuildFile; fileRef = 5997A53C16575F55004390B6 /* CFNetwork.framework */; };
		5997A54516576258004390B6 /* MobileCoreServices.framework in Frameworks */ = {isa = PBXBuildFile; fileRef = 5997A53E16576080004390B6 /* MobileCoreServices.framework */; };
		5997A54616576271004390B6 /* libxml2.dylib in Frameworks */ = {isa = PBXBuildFile; fileRef = 5997A540165760D3004390B6 /* libxml2.dylib */; };
		5997A54716576277004390B6 /* libz.dylib in Frameworks */ = {isa = PBXBuildFile; fileRef = 5997A542165760E2004390B6 /* libz.dylib */; };
		5997A549165762A3004390B6 /* SystemConfiguration.framework in Frameworks */ = {isa = PBXBuildFile; fileRef = 5997A548165762A3004390B6 /* SystemConfiguration.framework */; };
		59AC4E501638EFC000B3ED5B /* UIKit.framework in Frameworks */ = {isa = PBXBuildFile; fileRef = 59AC4E4F1638EFC000B3ED5B /* UIKit.framework */; };
		59AC4E521638EFC000B3ED5B /* Foundation.framework in Frameworks */ = {isa = PBXBuildFile; fileRef = 59AC4E511638EFC000B3ED5B /* Foundation.framework */; };
		59AC4E541638EFC000B3ED5B /* CoreGraphics.framework in Frameworks */ = {isa = PBXBuildFile; fileRef = 59AC4E531638EFC000B3ED5B /* CoreGraphics.framework */; };
		59AC4E771638EFC000B3ED5B /* SenTestingKit.framework in Frameworks */ = {isa = PBXBuildFile; fileRef = 59AC4E761638EFC000B3ED5B /* SenTestingKit.framework */; };
		59AC4E781638EFC000B3ED5B /* UIKit.framework in Frameworks */ = {isa = PBXBuildFile; fileRef = 59AC4E4F1638EFC000B3ED5B /* UIKit.framework */; };
		59AC4E791638EFC000B3ED5B /* Foundation.framework in Frameworks */ = {isa = PBXBuildFile; fileRef = 59AC4E511638EFC000B3ED5B /* Foundation.framework */; };
		59AC4E7A1638EFC000B3ED5B /* CoreGraphics.framework in Frameworks */ = {isa = PBXBuildFile; fileRef = 59AC4E531638EFC000B3ED5B /* CoreGraphics.framework */; };
		59AC4E941638F06A00B3ED5B /* MapKit.framework in Frameworks */ = {isa = PBXBuildFile; fileRef = 59AC4E931638F06A00B3ED5B /* MapKit.framework */; };
		59AC4E961638F12600B3ED5B /* CoreLocation.framework in Frameworks */ = {isa = PBXBuildFile; fileRef = 59AC4E951638F12600B3ED5B /* CoreLocation.framework */; };
		59B1FDD216852D3F00B4B84A /* TableCellBackground.png in Resources */ = {isa = PBXBuildFile; fileRef = 59B1FDCA16852D3F00B4B84A /* TableCellBackground.png */; };
		59B1FDD416852D3F00B4B84A /* TableIconPlane.png in Resources */ = {isa = PBXBuildFile; fileRef = 59B1FDCC16852D3F00B4B84A /* TableIconPlane.png */; };
		59C9B5F31694827400965F6D /* logoscan2.png in Resources */ = {isa = PBXBuildFile; fileRef = 59C9B5F21694827400965F6D /* logoscan2.png */; };
/* End PBXBuildFile section */

/* Begin PBXContainerItemProxy section */
		597AAD07168C73E3008205FD /* PBXContainerItemProxy */ = {
			isa = PBXContainerItemProxy;
			containerPortal = 597AACFD168C73E3008205FD /* RestKit.xcodeproj */;
			proxyType = 2;
			remoteGlobalIDString = 25160D1614564E810060A5C5;
			remoteInfo = RestKit;
		};
		597AAD09168C73E3008205FD /* PBXContainerItemProxy */ = {
			isa = PBXContainerItemProxy;
			containerPortal = 597AACFD168C73E3008205FD /* RestKit.xcodeproj */;
			proxyType = 2;
			remoteGlobalIDString = 25160D2614564E820060A5C5;
			remoteInfo = RestKitTests;
		};
		597AAD0B168C73E3008205FD /* PBXContainerItemProxy */ = {
			isa = PBXContainerItemProxy;
			containerPortal = 597AACFD168C73E3008205FD /* RestKit.xcodeproj */;
			proxyType = 2;
			remoteGlobalIDString = 25160E62145651060060A5C5;
			remoteInfo = RestKitFramework;
		};
		597AAD0D168C73E3008205FD /* PBXContainerItemProxy */ = {
			isa = PBXContainerItemProxy;
			containerPortal = 597AACFD168C73E3008205FD /* RestKit.xcodeproj */;
			proxyType = 2;
			remoteGlobalIDString = 25160E78145651060060A5C5;
			remoteInfo = RestKitFrameworkTests;
		};
		597AB4C7168C7864008205FD /* PBXContainerItemProxy */ = {
			isa = PBXContainerItemProxy;
			containerPortal = 597AACFD168C73E3008205FD /* RestKit.xcodeproj */;
			proxyType = 1;
			remoteGlobalIDString = 25160D1514564E810060A5C5;
			remoteInfo = RestKit;
		};
		59AC4E7B1638EFC000B3ED5B /* PBXContainerItemProxy */ = {
			isa = PBXContainerItemProxy;
			containerPortal = 59AC4E421638EFBF00B3ED5B /* Project object */;
			proxyType = 1;
			remoteGlobalIDString = 59AC4E4A1638EFBF00B3ED5B;
			remoteInfo = SharkScan;
		};
/* End PBXContainerItemProxy section */

/* Begin PBXFileReference section */
		5900F67716EF5697003D63D2 /* seal30@2x.png */ = {isa = PBXFileReference; lastKnownFileType = image.png; name = "seal30@2x.png"; path = "Images/seal30@2x.png"; sourceTree = SOURCE_ROOT; };
		5900F67E16EF5716003D63D2 /* logoscan2@2x.png */ = {isa = PBXFileReference; lastKnownFileType = image.png; name = "logoscan2@2x.png"; path = "Images/logoscan2@2x.png"; sourceTree = SOURCE_ROOT; };
		5900F67F16EF5716003D63D2 /* shark30@2x.png */ = {isa = PBXFileReference; lastKnownFileType = image.png; name = "shark30@2x.png"; path = "Images/shark30@2x.png"; sourceTree = SOURCE_ROOT; };
		5900F68016EF5716003D63D2 /* TableCellBackground@2x.png */ = {isa = PBXFileReference; lastKnownFileType = image.png; name = "TableCellBackground@2x.png"; path = "Images/TableCellBackground@2x.png"; sourceTree = SOURCE_ROOT; };
		5900F68116EF5716003D63D2 /* TableIconPlane@2x.png */ = {isa = PBXFileReference; lastKnownFileType = image.png; name = "TableIconPlane@2x.png"; path = "Images/TableIconPlane@2x.png"; sourceTree = SOURCE_ROOT; };
		5900F68216EF5716003D63D2 /* whale30@2x.png */ = {isa = PBXFileReference; lastKnownFileType = image.png; name = "whale30@2x.png"; path = "Images/whale30@2x.png"; sourceTree = SOURCE_ROOT; };
		5910CB2316DA3A6B00B1840D /* en */ = {isa = PBXFileReference; lastKnownFileType = text.plist.strings; name = en; path = en.lproj/InfoPlist.strings; sourceTree = "<group>"; };
		5910CB2516DA3A6B00B1840D /* en */ = {isa = PBXFileReference; lastKnownFileType = file.xib; name = en; path = en.lproj/ListView.xib; sourceTree = "<group>"; };
		5910CB2716DA3A6B00B1840D /* en */ = {isa = PBXFileReference; lastKnownFileType = file.xib; name = en; path = en.lproj/MainWindow.xib; sourceTree = "<group>"; };
		5910CB2916DA3A6B00B1840D /* en */ = {isa = PBXFileReference; lastKnownFileType = file.xib; name = en; path = en.lproj/MapView.xib; sourceTree = "<group>"; };
		5910CB2A16DA3A6B00B1840D /* HomeView.xib */ = {isa = PBXFileReference; fileEncoding = 4; lastKnownFileType = file.xib; path = HomeView.xib; sourceTree = "<group>"; };
		5910CB2B16DA3A6B00B1840D /* HomeViewController.h */ = {isa = PBXFileReference; fileEncoding = 4; lastKnownFileType = sourcecode.c.h; path = HomeViewController.h; sourceTree = "<group>"; };
		5910CB2C16DA3A6B00B1840D /* HomeViewController.m */ = {isa = PBXFileReference; fileEncoding = 4; lastKnownFileType = sourcecode.c.objc; path = HomeViewController.m; sourceTree = "<group>"; };
		5910CB2D16DA3A6B00B1840D /* ListViewController.h */ = {isa = PBXFileReference; fileEncoding = 4; lastKnownFileType = sourcecode.c.h; path = ListViewController.h; sourceTree = "<group>"; };
		5910CB2E16DA3A6B00B1840D /* ListViewController.m */ = {isa = PBXFileReference; fileEncoding = 4; lastKnownFileType = sourcecode.c.objc; path = ListViewController.m; sourceTree = "<group>"; };
		5910CB2F16DA3A6B00B1840D /* main.m */ = {isa = PBXFileReference; fileEncoding = 4; lastKnownFileType = sourcecode.c.objc; path = main.m; sourceTree = "<group>"; };
		5910CB3016DA3A6B00B1840D /* MapViewController.h */ = {isa = PBXFileReference; fileEncoding = 4; lastKnownFileType = sourcecode.c.h; path = MapViewController.h; sourceTree = "<group>"; };
		5910CB3116DA3A6B00B1840D /* MapViewController.m */ = {isa = PBXFileReference; fileEncoding = 4; lastKnownFileType = sourcecode.c.objc; path = MapViewController.m; sourceTree = "<group>"; };
		5910CB3216DA3A6B00B1840D /* ScanFilterView.xib */ = {isa = PBXFileReference; fileEncoding = 4; lastKnownFileType = file.xib; path = ScanFilterView.xib; sourceTree = "<group>"; };
		5910CB3316DA3A6B00B1840D /* ScanFilterViewController.h */ = {isa = PBXFileReference; fileEncoding = 4; lastKnownFileType = sourcecode.c.h; path = ScanFilterViewController.h; sourceTree = "<group>"; };
		5910CB3416DA3A6B00B1840D /* ScanFilterViewController.m */ = {isa = PBXFileReference; fileEncoding = 4; lastKnownFileType = sourcecode.c.objc; path = ScanFilterViewController.m; sourceTree = "<group>"; };
		5910CB3516DA3A6B00B1840D /* SeaScanApp-Info.plist */ = {isa = PBXFileReference; fileEncoding = 4; lastKnownFileType = text.plist.xml; path = "SeaScanApp-Info.plist"; sourceTree = "<group>"; };
		5910CB3616DA3A6B00B1840D /* SeaScanApp-Prefix.pch */ = {isa = PBXFileReference; fileEncoding = 4; lastKnownFileType = sourcecode.c.h; path = "SeaScanApp-Prefix.pch"; sourceTree = "<group>"; };
		5910CB3716DA3A6B00B1840D /* SharkScanAppDelegate.h */ = {isa = PBXFileReference; fileEncoding = 4; lastKnownFileType = sourcecode.c.h; path = SharkScanAppDelegate.h; sourceTree = "<group>"; };
		5910CB3816DA3A6B00B1840D /* SharkScanAppDelegate.m */ = {isa = PBXFileReference; fileEncoding = 4; lastKnownFileType = sourcecode.c.objc; path = SharkScanAppDelegate.m; sourceTree = "<group>"; };
		5910CB3916DA3A6B00B1840D /* SSDataManager.h */ = {isa = PBXFileReference; fileEncoding = 4; lastKnownFileType = sourcecode.c.h; path = SSDataManager.h; sourceTree = "<group>"; };
		5910CB3A16DA3A6B00B1840D /* SSDataManager.m */ = {isa = PBXFileReference; fileEncoding = 4; lastKnownFileType = sourcecode.c.objc; path = SSDataManager.m; sourceTree = "<group>"; };
		5910CB3B16DA3A6B00B1840D /* SSLatestTargets.h */ = {isa = PBXFileReference; fileEncoding = 4; lastKnownFileType = sourcecode.c.h; path = SSLatestTargets.h; sourceTree = "<group>"; };
		5910CB3C16DA3A6B00B1840D /* SSLatestTargets.m */ = {isa = PBXFileReference; fileEncoding = 4; lastKnownFileType = sourcecode.c.objc; path = SSLatestTargets.m; sourceTree = "<group>"; };
		5910CB3D16DA3A6B00B1840D /* SSLocation.h */ = {isa = PBXFileReference; fileEncoding = 4; lastKnownFileType = sourcecode.c.h; path = SSLocation.h; sourceTree = "<group>"; };
		5910CB3E16DA3A6B00B1840D /* SSLocation.m */ = {isa = PBXFileReference; fileEncoding = 4; lastKnownFileType = sourcecode.c.objc; path = SSLocation.m; sourceTree = "<group>"; };
		5910CB3F16DA3A6B00B1840D /* SSMission.h */ = {isa = PBXFileReference; fileEncoding = 4; lastKnownFileType = sourcecode.c.h; path = SSMission.h; sourceTree = "<group>"; };
		5910CB4016DA3A6B00B1840D /* SSMission.m */ = {isa = PBXFileReference; fileEncoding = 4; lastKnownFileType = sourcecode.c.objc; path = SSMission.m; sourceTree = "<group>"; };
		5910CB4116DA3A6B00B1840D /* SSMissionRoutePoint.h */ = {isa = PBXFileReference; fileEncoding = 4; lastKnownFileType = sourcecode.c.h; path = SSMissionRoutePoint.h; sourceTree = "<group>"; };
		5910CB4216DA3A6B00B1840D /* SSMissionRoutePoint.m */ = {isa = PBXFileReference; fileEncoding = 4; lastKnownFileType = sourcecode.c.objc; path = SSMissionRoutePoint.m; sourceTree = "<group>"; };
		5910CB4316DA3A6B00B1840D /* SSMissionRoutePointView.h */ = {isa = PBXFileReference; fileEncoding = 4; lastKnownFileType = sourcecode.c.h; path = SSMissionRoutePointView.h; sourceTree = "<group>"; };
		5910CB4416DA3A6B00B1840D /* SSMissionRoutePointView.m */ = {isa = PBXFileReference; fileEncoding = 4; lastKnownFileType = sourcecode.c.objc; path = SSMissionRoutePointView.m; sourceTree = "<group>"; };
		5910CB4516DA3A6B00B1840D /* SSMissionStats.h */ = {isa = PBXFileReference; fileEncoding = 4; lastKnownFileType = sourcecode.c.h; path = SSMissionStats.h; sourceTree = "<group>"; };
		5910CB4616DA3A6B00B1840D /* SSMissionStats.m */ = {isa = PBXFileReference; fileEncoding = 4; lastKnownFileType = sourcecode.c.objc; path = SSMissionStats.m; sourceTree = "<group>"; };
		5910CB4716DA3A6B00B1840D /* SSMissionView.h */ = {isa = PBXFileReference; fileEncoding = 4; lastKnownFileType = sourcecode.c.h; path = SSMissionView.h; sourceTree = "<group>"; };
		5910CB4816DA3A6B00B1840D /* SSMissionView.m */ = {isa = PBXFileReference; fileEncoding = 4; lastKnownFileType = sourcecode.c.objc; path = SSMissionView.m; sourceTree = "<group>"; };
		5910CB4916DA3A6B00B1840D /* SSSettings.h */ = {isa = PBXFileReference; fileEncoding = 4; lastKnownFileType = sourcecode.c.h; path = SSSettings.h; sourceTree = "<group>"; };
		5910CB4A16DA3A6B00B1840D /* SSSettings.m */ = {isa = PBXFileReference; fileEncoding = 4; lastKnownFileType = sourcecode.c.objc; path = SSSettings.m; sourceTree = "<group>"; };
		5910CB4B16DA3A6B00B1840D /* SSTargetType.h */ = {isa = PBXFileReference; fileEncoding = 4; lastKnownFileType = sourcecode.c.h; path = SSTargetType.h; sourceTree = "<group>"; };
		5910CB4C16DA3A6B00B1840D /* SSTargetType.m */ = {isa = PBXFileReference; fileEncoding = 4; lastKnownFileType = sourcecode.c.objc; path = SSTargetType.m; sourceTree = "<group>"; };
		5910CB4D16DA3A6B00B1840D /* SSWebServiceConsumer.h */ = {isa = PBXFileReference; fileEncoding = 4; lastKnownFileType = sourcecode.c.h; path = SSWebServiceConsumer.h; sourceTree = "<group>"; };
		5910CB4E16DA3A6B00B1840D /* SSWebServiceConsumer.m */ = {isa = PBXFileReference; fileEncoding = 4; lastKnownFileType = sourcecode.c.objc; path = SSWebServiceConsumer.m; sourceTree = "<group>"; };
		5910CB6916DA3AAA00B1840D /* en */ = {isa = PBXFileReference; lastKnownFileType = text.plist.strings; name = en; path = en.lproj/InfoPlist.strings; sourceTree = "<group>"; };
		5910CB6A16DA3AAA00B1840D /* SeaScanAppTests-Info.plist */ = {isa = PBXFileReference; fileEncoding = 4; lastKnownFileType = text.plist.xml; path = "SeaScanAppTests-Info.plist"; sourceTree = "<group>"; };
		5910CB6B16DA3AAA00B1840D /* SeaScanAppTests.h */ = {isa = PBXFileReference; fileEncoding = 4; lastKnownFileType = sourcecode.c.h; path = SeaScanAppTests.h; sourceTree = "<group>"; };
		5910CB6C16DA3AAA00B1840D /* SeaScanAppTests.m */ = {isa = PBXFileReference; fileEncoding = 4; lastKnownFileType = sourcecode.c.objc; path = SeaScanAppTests.m; sourceTree = "<group>"; };
		5920ABF816EF59BC00146B57 /* dolphin30@2x.png */ = {isa = PBXFileReference; lastKnownFileType = image.png; name = "dolphin30@2x.png"; path = "Images/dolphin30@2x.png"; sourceTree = SOURCE_ROOT; };
		59342DF21674C812000A8938 /* gradientBackground.png */ = {isa = PBXFileReference; lastKnownFileType = image.png; name = gradientBackground.png; path = Images/gradientBackground.png; sourceTree = SOURCE_ROOT; };
		5978081616F1F2B9001160DE /* 01-refresh.png */ = {isa = PBXFileReference; lastKnownFileType = image.png; name = "01-refresh.png"; path = "GlyphishPro/icons/icons-gray/01-refresh.png"; sourceTree = SOURCE_ROOT; };
		5978081716F1F2B9001160DE /* 01-refresh@2x.png */ = {isa = PBXFileReference; lastKnownFileType = image.png; name = "01-refresh@2x.png"; path = "GlyphishPro/icons/icons-gray/01-refresh@2x.png"; sourceTree = SOURCE_ROOT; };
		5978081816F1F2B9001160DE /* 53-house.png */ = {isa = PBXFileReference; lastKnownFileType = image.png; name = "53-house.png"; path = "GlyphishPro/icons/icons-gray/53-house.png"; sourceTree = SOURCE_ROOT; };
		5978081916F1F2B9001160DE /* 53-house@2x.png */ = {isa = PBXFileReference; lastKnownFileType = image.png; name = "53-house@2x.png"; path = "GlyphishPro/icons/icons-gray/53-house@2x.png"; sourceTree = SOURCE_ROOT; };
		5978081A16F1F2B9001160DE /* 103-map.png */ = {isa = PBXFileReference; lastKnownFileType = image.png; name = "103-map.png"; path = "GlyphishPro/icons/icons-gray/103-map.png"; sourceTree = SOURCE_ROOT; };
		5978081B16F1F2B9001160DE /* 103-map@2x.png */ = {isa = PBXFileReference; lastKnownFileType = image.png; name = "103-map@2x.png"; path = "GlyphishPro/icons/icons-gray/103-map@2x.png"; sourceTree = SOURCE_ROOT; };
		5978081C16F1F2B9001160DE /* 122-stats.png */ = {isa = PBXFileReference; lastKnownFileType = image.png; name = "122-stats.png"; path = "GlyphishPro/icons/icons-gray/122-stats.png"; sourceTree = SOURCE_ROOT; };
		5978081D16F1F2B9001160DE /* 122-stats@2x.png */ = {isa = PBXFileReference; lastKnownFileType = image.png; name = "122-stats@2x.png"; path = "GlyphishPro/icons/icons-gray/122-stats@2x.png"; sourceTree = SOURCE_ROOT; };
		5978082616F1F2F7001160DE /* 74-location.png */ = {isa = PBXFileReference; lastKnownFileType = image.png; name = "74-location.png"; path = "GlyphishPro/icons/icons-gray/74-location.png"; sourceTree = SOURCE_ROOT; };
		5978082716F1F2F7001160DE /* 74-location@2x.png */ = {isa = PBXFileReference; lastKnownFileType = image.png; name = "74-location@2x.png"; path = "GlyphishPro/icons/icons-gray/74-location@2x.png"; sourceTree = SOURCE_ROOT; };
		5978EEF716C7C08B00ADCCE3 /* dolphin30.png */ = {isa = PBXFileReference; lastKnownFileType = image.png; name = dolphin30.png; path = Images/dolphin30.png; sourceTree = SOURCE_ROOT; };
		5978EEF816C7C08B00ADCCE3 /* seal30.png */ = {isa = PBXFileReference; lastKnownFileType = image.png; name = seal30.png; path = Images/seal30.png; sourceTree = SOURCE_ROOT; };
		5978EEF916C7C08B00ADCCE3 /* shark30.png */ = {isa = PBXFileReference; lastKnownFileType = image.png; name = shark30.png; path = Images/shark30.png; sourceTree = SOURCE_ROOT; };
		5978EEFA16C7C08B00ADCCE3 /* whale30.png */ = {isa = PBXFileReference; lastKnownFileType = image.png; name = whale30.png; path = Images/whale30.png; sourceTree = SOURCE_ROOT; };
		597A7A6116F4881B008B7B90 /* 20-gear-2.png */ = {isa = PBXFileReference; lastKnownFileType = image.png; name = "20-gear-2.png"; path = "GlyphishPro/icons/icons-gray/20-gear-2.png"; sourceTree = SOURCE_ROOT; };
		597A7A6216F4881B008B7B90 /* 20-gear-2@2x.png */ = {isa = PBXFileReference; lastKnownFileType = image.png; name = "20-gear-2@2x.png"; path = "GlyphishPro/icons/icons-gray/20-gear-2@2x.png"; sourceTree = SOURCE_ROOT; };
		597AACFD168C73E3008205FD /* RestKit.xcodeproj */ = {isa = PBXFileReference; lastKnownFileType = "wrapper.pb-project"; name = RestKit.xcodeproj; path = "RestKit-0.20.0-pre4/RestKit.xcodeproj"; sourceTree = "<group>"; };
		597AB4CB168C7931008205FD /* CoreData.framework */ = {isa = PBXFileReference; lastKnownFileType = wrapper.framework; name = CoreData.framework; path = System/Library/Frameworks/CoreData.framework; sourceTree = SDKROOT; };
		597AB4CD168C794C008205FD /* Security.framework */ = {isa = PBXFileReference; lastKnownFileType = wrapper.framework; name = Security.framework; path = System/Library/Frameworks/Security.framework; sourceTree = SDKROOT; };
		597AB4CF168C7E70008205FD /* Default-568h@2x.png */ = {isa = PBXFileReference; lastKnownFileType = image.png; path = "Default-568h@2x.png"; sourceTree = "<group>"; };
		59941CED16E8B42C0094CF94 /* Login.h */ = {isa = PBXFileReference; fileEncoding = 4; lastKnownFileType = sourcecode.c.h; path = Login.h; sourceTree = "<group>"; };
		5997A53C16575F55004390B6 /* CFNetwork.framework */ = {isa = PBXFileReference; lastKnownFileType = wrapper.framework; name = CFNetwork.framework; path = System/Library/Frameworks/CFNetwork.framework; sourceTree = SDKROOT; };
		5997A53E16576080004390B6 /* MobileCoreServices.framework */ = {isa = PBXFileReference; lastKnownFileType = wrapper.framework; name = MobileCoreServices.framework; path = System/Library/Frameworks/MobileCoreServices.framework; sourceTree = SDKROOT; };
		5997A540165760D3004390B6 /* libxml2.dylib */ = {isa = PBXFileReference; lastKnownFileType = "compiled.mach-o.dylib"; name = libxml2.dylib; path = usr/lib/libxml2.dylib; sourceTree = SDKROOT; };
		5997A542165760E2004390B6 /* libz.dylib */ = {isa = PBXFileReference; lastKnownFileType = "compiled.mach-o.dylib"; name = libz.dylib; path = usr/lib/libz.dylib; sourceTree = SDKROOT; };
		5997A548165762A3004390B6 /* SystemConfiguration.framework */ = {isa = PBXFileReference; lastKnownFileType = wrapper.framework; name = SystemConfiguration.framework; path = System/Library/Frameworks/SystemConfiguration.framework; sourceTree = SDKROOT; };
		59AC4E4B1638EFBF00B3ED5B /* SeaScanApp.app */ = {isa = PBXFileReference; explicitFileType = wrapper.application; includeInIndex = 0; path = SeaScanApp.app; sourceTree = BUILT_PRODUCTS_DIR; };
		59AC4E4F1638EFC000B3ED5B /* UIKit.framework */ = {isa = PBXFileReference; lastKnownFileType = wrapper.framework; name = UIKit.framework; path = System/Library/Frameworks/UIKit.framework; sourceTree = SDKROOT; };
		59AC4E511638EFC000B3ED5B /* Foundation.framework */ = {isa = PBXFileReference; lastKnownFileType = wrapper.framework; name = Foundation.framework; path = System/Library/Frameworks/Foundation.framework; sourceTree = SDKROOT; };
		59AC4E531638EFC000B3ED5B /* CoreGraphics.framework */ = {isa = PBXFileReference; lastKnownFileType = wrapper.framework; name = CoreGraphics.framework; path = System/Library/Frameworks/CoreGraphics.framework; sourceTree = SDKROOT; };
		59AC4E751638EFC000B3ED5B /* SeaScanAppTests.octest */ = {isa = PBXFileReference; explicitFileType = wrapper.cfbundle; includeInIndex = 0; path = SeaScanAppTests.octest; sourceTree = BUILT_PRODUCTS_DIR; };
		59AC4E761638EFC000B3ED5B /* SenTestingKit.framework */ = {isa = PBXFileReference; lastKnownFileType = wrapper.framework; name = SenTestingKit.framework; path = Library/Frameworks/SenTestingKit.framework; sourceTree = DEVELOPER_DIR; };
		59AC4E931638F06A00B3ED5B /* MapKit.framework */ = {isa = PBXFileReference; lastKnownFileType = wrapper.framework; name = MapKit.framework; path = System/Library/Frameworks/MapKit.framework; sourceTree = SDKROOT; };
		59AC4E951638F12600B3ED5B /* CoreLocation.framework */ = {isa = PBXFileReference; lastKnownFileType = wrapper.framework; name = CoreLocation.framework; path = System/Library/Frameworks/CoreLocation.framework; sourceTree = SDKROOT; };
		59B1FDCA16852D3F00B4B84A /* TableCellBackground.png */ = {isa = PBXFileReference; lastKnownFileType = image.png; name = TableCellBackground.png; path = Images/TableCellBackground.png; sourceTree = SOURCE_ROOT; };
		59B1FDCC16852D3F00B4B84A /* TableIconPlane.png */ = {isa = PBXFileReference; lastKnownFileType = image.png; name = TableIconPlane.png; path = Images/TableIconPlane.png; sourceTree = SOURCE_ROOT; };
		59C9B5F21694827400965F6D /* logoscan2.png */ = {isa = PBXFileReference; lastKnownFileType = image.png; name = logoscan2.png; path = Images/logoscan2.png; sourceTree = SOURCE_ROOT; };
/* End PBXFileReference section */

/* Begin PBXFrameworksBuildPhase section */
		59AC4E481638EFBF00B3ED5B /* Frameworks */ = {
			isa = PBXFrameworksBuildPhase;
			buildActionMask = 2147483647;
			files = (
				5997A549165762A3004390B6 /* SystemConfiguration.framework in Frameworks */,
				597AB4CE168C794C008205FD /* Security.framework in Frameworks */,
				597AB4CC168C7931008205FD /* CoreData.framework in Frameworks */,
				597AB4C9168C78D6008205FD /* libRestKit.a in Frameworks */,
				5997A54716576277004390B6 /* libz.dylib in Frameworks */,
				5997A54616576271004390B6 /* libxml2.dylib in Frameworks */,
				5997A54516576258004390B6 /* MobileCoreServices.framework in Frameworks */,
				5997A5441657622F004390B6 /* CFNetwork.framework in Frameworks */,
				59AC4E961638F12600B3ED5B /* CoreLocation.framework in Frameworks */,
				59AC4E941638F06A00B3ED5B /* MapKit.framework in Frameworks */,
				59AC4E501638EFC000B3ED5B /* UIKit.framework in Frameworks */,
				59AC4E521638EFC000B3ED5B /* Foundation.framework in Frameworks */,
				59AC4E541638EFC000B3ED5B /* CoreGraphics.framework in Frameworks */,
			);
			runOnlyForDeploymentPostprocessing = 0;
		};
		59AC4E711638EFC000B3ED5B /* Frameworks */ = {
			isa = PBXFrameworksBuildPhase;
			buildActionMask = 2147483647;
			files = (
				5997A53D16575F55004390B6 /* CFNetwork.framework in Frameworks */,
				59AC4E7A1638EFC000B3ED5B /* CoreGraphics.framework in Frameworks */,
				59AC4E791638EFC000B3ED5B /* Foundation.framework in Frameworks */,
				5997A53F16576080004390B6 /* MobileCoreServices.framework in Frameworks */,
				59AC4E771638EFC000B3ED5B /* SenTestingKit.framework in Frameworks */,
				59AC4E781638EFC000B3ED5B /* UIKit.framework in Frameworks */,
				5997A541165760D3004390B6 /* libxml2.dylib in Frameworks */,
				5997A543165760E2004390B6 /* libz.dylib in Frameworks */,
			);
			runOnlyForDeploymentPostprocessing = 0;
		};
/* End PBXFrameworksBuildPhase section */

/* Begin PBXGroup section */
		5910CB2116DA3A6B00B1840D /* SeaScanApp */ = {
			isa = PBXGroup;
			children = (
				5910CB7016DA3AEC00B1840D /* DataModel */,
				5910CB2216DA3A6B00B1840D /* InfoPlist.strings */,
				5910CB2616DA3A6B00B1840D /* MainWindow.xib */,
				5910CB2B16DA3A6B00B1840D /* HomeViewController.h */,
				5910CB2C16DA3A6B00B1840D /* HomeViewController.m */,
				5910CB2A16DA3A6B00B1840D /* HomeView.xib */,
				5910CB2D16DA3A6B00B1840D /* ListViewController.h */,
				5910CB2E16DA3A6B00B1840D /* ListViewController.m */,
				5910CB2416DA3A6B00B1840D /* ListView.xib */,
				5910CB2F16DA3A6B00B1840D /* main.m */,
				5910CB3016DA3A6B00B1840D /* MapViewController.h */,
				5910CB3116DA3A6B00B1840D /* MapViewController.m */,
				5910CB2816DA3A6B00B1840D /* MapView.xib */,
				5910CB3316DA3A6B00B1840D /* ScanFilterViewController.h */,
				5910CB3416DA3A6B00B1840D /* ScanFilterViewController.m */,
				5910CB3216DA3A6B00B1840D /* ScanFilterView.xib */,
				5910CB3516DA3A6B00B1840D /* SeaScanApp-Info.plist */,
				5910CB3616DA3A6B00B1840D /* SeaScanApp-Prefix.pch */,
				5910CB3716DA3A6B00B1840D /* SharkScanAppDelegate.h */,
				5910CB3816DA3A6B00B1840D /* SharkScanAppDelegate.m */,
				5910CB4916DA3A6B00B1840D /* SSSettings.h */,
				5910CB4A16DA3A6B00B1840D /* SSSettings.m */,
			);
			path = SeaScanApp;
			sourceTree = "<group>";
		};
		5910CB6716DA3AAA00B1840D /* SeaScanTests */ = {
			isa = PBXGroup;
			children = (
				5910CB6816DA3AAA00B1840D /* InfoPlist.strings */,
				5910CB6A16DA3AAA00B1840D /* SeaScanAppTests-Info.plist */,
				5910CB6B16DA3AAA00B1840D /* SeaScanAppTests.h */,
				5910CB6C16DA3AAA00B1840D /* SeaScanAppTests.m */,
			);
			path = SeaScanTests;
			sourceTree = "<group>";
		};
		5910CB7016DA3AEC00B1840D /* DataModel */ = {
			isa = PBXGroup;
			children = (
				5910CB3916DA3A6B00B1840D /* SSDataManager.h */,
				5910CB3A16DA3A6B00B1840D /* SSDataManager.m */,
				5910CB3D16DA3A6B00B1840D /* SSLocation.h */,
				5910CB3E16DA3A6B00B1840D /* SSLocation.m */,
				5910CB3B16DA3A6B00B1840D /* SSLatestTargets.h */,
				5910CB3C16DA3A6B00B1840D /* SSLatestTargets.m */,
				5910CB3F16DA3A6B00B1840D /* SSMission.h */,
				5910CB4016DA3A6B00B1840D /* SSMission.m */,
				5910CB4116DA3A6B00B1840D /* SSMissionRoutePoint.h */,
				5910CB4216DA3A6B00B1840D /* SSMissionRoutePoint.m */,
				5910CB4316DA3A6B00B1840D /* SSMissionRoutePointView.h */,
				5910CB4416DA3A6B00B1840D /* SSMissionRoutePointView.m */,
				5910CB4516DA3A6B00B1840D /* SSMissionStats.h */,
				5910CB4616DA3A6B00B1840D /* SSMissionStats.m */,
				5910CB4716DA3A6B00B1840D /* SSMissionView.h */,
				5910CB4816DA3A6B00B1840D /* SSMissionView.m */,
				5910CB4B16DA3A6B00B1840D /* SSTargetType.h */,
				5910CB4C16DA3A6B00B1840D /* SSTargetType.m */,
				5910CB4D16DA3A6B00B1840D /* SSWebServiceConsumer.h */,
				5910CB4E16DA3A6B00B1840D /* SSWebServiceConsumer.m */,
				59941CED16E8B42C0094CF94 /* Login.h */,
			);
			name = DataModel;
			sourceTree = "<group>";
		};
		597AACFE168C73E3008205FD /* Products */ = {
			isa = PBXGroup;
			children = (
				597AAD08168C73E3008205FD /* libRestKit.a */,
				597AAD0A168C73E3008205FD /* RestKitTests.octest */,
				597AAD0C168C73E3008205FD /* RestKit.framework */,
				597AAD0E168C73E3008205FD /* RestKitFrameworkTests.octest */,
			);
			name = Products;
			sourceTree = "<group>";
		};
		59AC4E401638EFBF00B3ED5B = {
			isa = PBXGroup;
			children = (
				5910CB6716DA3AAA00B1840D /* SeaScanTests */,
				5910CB2116DA3A6B00B1840D /* SeaScanApp */,
				597AB4CF168C7E70008205FD /* Default-568h@2x.png */,
				597AB4CD168C794C008205FD /* Security.framework */,
				597AB4CB168C7931008205FD /* CoreData.framework */,
				597AACFD168C73E3008205FD /* RestKit.xcodeproj */,
				59B2ACAC164692290054EDAC /* Resources */,
				59AC4E4E1638EFBF00B3ED5B /* Frameworks */,
				59AC4E4C1638EFBF00B3ED5B /* Products */,
			);
			sourceTree = "<group>";
		};
		59AC4E4C1638EFBF00B3ED5B /* Products */ = {
			isa = PBXGroup;
			children = (
				59AC4E4B1638EFBF00B3ED5B /* SeaScanApp.app */,
				59AC4E751638EFC000B3ED5B /* SeaScanAppTests.octest */,
			);
			name = Products;
			sourceTree = "<group>";
		};
		59AC4E4E1638EFBF00B3ED5B /* Frameworks */ = {
			isa = PBXGroup;
			children = (
				5997A540165760D3004390B6 /* libxml2.dylib */,
				5997A542165760E2004390B6 /* libz.dylib */,
				5997A548165762A3004390B6 /* SystemConfiguration.framework */,
				5997A53E16576080004390B6 /* MobileCoreServices.framework */,
				5997A53C16575F55004390B6 /* CFNetwork.framework */,
				59AC4E951638F12600B3ED5B /* CoreLocation.framework */,
				59AC4E931638F06A00B3ED5B /* MapKit.framework */,
				59AC4E4F1638EFC000B3ED5B /* UIKit.framework */,
				59AC4E511638EFC000B3ED5B /* Foundation.framework */,
				59AC4E531638EFC000B3ED5B /* CoreGraphics.framework */,
				59AC4E761638EFC000B3ED5B /* SenTestingKit.framework */,
			);
			name = Frameworks;
			sourceTree = "<group>";
		};
		59B2ACAC164692290054EDAC /* Resources */ = {
			isa = PBXGroup;
			children = (
				597A7A6116F4881B008B7B90 /* 20-gear-2.png */,
				597A7A6216F4881B008B7B90 /* 20-gear-2@2x.png */,
				5978082616F1F2F7001160DE /* 74-location.png */,
				5978082716F1F2F7001160DE /* 74-location@2x.png */,
				5978081616F1F2B9001160DE /* 01-refresh.png */,
				5978081716F1F2B9001160DE /* 01-refresh@2x.png */,
				5978081816F1F2B9001160DE /* 53-house.png */,
				5978081916F1F2B9001160DE /* 53-house@2x.png */,
				5978081A16F1F2B9001160DE /* 103-map.png */,
				5978081B16F1F2B9001160DE /* 103-map@2x.png */,
				5978081C16F1F2B9001160DE /* 122-stats.png */,
				5978081D16F1F2B9001160DE /* 122-stats@2x.png */,
				5920ABF816EF59BC00146B57 /* dolphin30@2x.png */,
				5900F67E16EF5716003D63D2 /* logoscan2@2x.png */,
				5900F67F16EF5716003D63D2 /* shark30@2x.png */,
				5900F68016EF5716003D63D2 /* TableCellBackground@2x.png */,
				5900F68116EF5716003D63D2 /* TableIconPlane@2x.png */,
				5900F68216EF5716003D63D2 /* whale30@2x.png */,
				5900F67716EF5697003D63D2 /* seal30@2x.png */,
				5978EEF716C7C08B00ADCCE3 /* dolphin30.png */,
				5978EEF816C7C08B00ADCCE3 /* seal30.png */,
				5978EEF916C7C08B00ADCCE3 /* shark30.png */,
				5978EEFA16C7C08B00ADCCE3 /* whale30.png */,
				59C9B5F21694827400965F6D /* logoscan2.png */,
				59B1FDCA16852D3F00B4B84A /* TableCellBackground.png */,
				59B1FDCC16852D3F00B4B84A /* TableIconPlane.png */,
				59342DF21674C812000A8938 /* gradientBackground.png */,
			);
			name = Resources;
			path = SharkScan;
			sourceTree = "<group>";
		};
/* End PBXGroup section */

/* Begin PBXNativeTarget section */
		59AC4E4A1638EFBF00B3ED5B /* SeaScanApp */ = {
			isa = PBXNativeTarget;
			buildConfigurationList = 59AC4E891638EFC000B3ED5B /* Build configuration list for PBXNativeTarget "SeaScanApp" */;
			buildPhases = (
				59AC4E471638EFBF00B3ED5B /* Sources */,
				59AC4E481638EFBF00B3ED5B /* Frameworks */,
				59AC4E491638EFBF00B3ED5B /* Resources */,
			);
			buildRules = (
			);
			dependencies = (
				597AB4C8168C7864008205FD /* PBXTargetDependency */,
			);
			name = SeaScanApp;
			productName = SharkScan;
			productReference = 59AC4E4B1638EFBF00B3ED5B /* SeaScanApp.app */;
			productType = "com.apple.product-type.application";
		};
		59AC4E741638EFC000B3ED5B /* SeaScanAppTests */ = {
			isa = PBXNativeTarget;
			buildConfigurationList = 59AC4E8C1638EFC000B3ED5B /* Build configuration list for PBXNativeTarget "SeaScanAppTests" */;
			buildPhases = (
				59AC4E701638EFC000B3ED5B /* Sources */,
				59AC4E711638EFC000B3ED5B /* Frameworks */,
				59AC4E721638EFC000B3ED5B /* Resources */,
				59AC4E731638EFC000B3ED5B /* ShellScript */,
			);
			buildRules = (
			);
			dependencies = (
				59AC4E7C1638EFC000B3ED5B /* PBXTargetDependency */,
			);
			name = SeaScanAppTests;
			productName = SharkScanTests;
			productReference = 59AC4E751638EFC000B3ED5B /* SeaScanAppTests.octest */;
			productType = "com.apple.product-type.bundle";
		};
/* End PBXNativeTarget section */

/* Begin PBXProject section */
		59AC4E421638EFBF00B3ED5B /* Project object */ = {
			isa = PBXProject;
			buildConfigurationList = 59AC4E451638EFBF00B3ED5B /* Build configuration list for PBXProject "SeaScanApp" */;
			compatibilityVersion = "Xcode 3.2";
			developmentRegion = English;
			hasScannedForEncodings = 0;
			knownRegions = (
				en,
				English,
			);
			mainGroup = 59AC4E401638EFBF00B3ED5B;
			productRefGroup = 59AC4E4C1638EFBF00B3ED5B /* Products */;
			projectDirPath = "";
			projectReferences = (
				{
					ProductGroup = 597AACFE168C73E3008205FD /* Products */;
					ProjectRef = 597AACFD168C73E3008205FD /* RestKit.xcodeproj */;
				},
			);
			projectRoot = "";
			targets = (
				59AC4E4A1638EFBF00B3ED5B /* SeaScanApp */,
				59AC4E741638EFC000B3ED5B /* SeaScanAppTests */,
			);
		};
/* End PBXProject section */

/* Begin PBXReferenceProxy section */
		597AAD08168C73E3008205FD /* libRestKit.a */ = {
			isa = PBXReferenceProxy;
			fileType = archive.ar;
			path = libRestKit.a;
			remoteRef = 597AAD07168C73E3008205FD /* PBXContainerItemProxy */;
			sourceTree = BUILT_PRODUCTS_DIR;
		};
		597AAD0A168C73E3008205FD /* RestKitTests.octest */ = {
			isa = PBXReferenceProxy;
			fileType = wrapper.cfbundle;
			path = RestKitTests.octest;
			remoteRef = 597AAD09168C73E3008205FD /* PBXContainerItemProxy */;
			sourceTree = BUILT_PRODUCTS_DIR;
		};
		597AAD0C168C73E3008205FD /* RestKit.framework */ = {
			isa = PBXReferenceProxy;
			fileType = wrapper.framework;
			path = RestKit.framework;
			remoteRef = 597AAD0B168C73E3008205FD /* PBXContainerItemProxy */;
			sourceTree = BUILT_PRODUCTS_DIR;
		};
		597AAD0E168C73E3008205FD /* RestKitFrameworkTests.octest */ = {
			isa = PBXReferenceProxy;
			fileType = wrapper.cfbundle;
			path = RestKitFrameworkTests.octest;
			remoteRef = 597AAD0D168C73E3008205FD /* PBXContainerItemProxy */;
			sourceTree = BUILT_PRODUCTS_DIR;
		};
/* End PBXReferenceProxy section */

/* Begin PBXResourcesBuildPhase section */
		59AC4E491638EFBF00B3ED5B /* Resources */ = {
			isa = PBXResourcesBuildPhase;
			buildActionMask = 2147483647;
			files = (
				59342E021674C812000A8938 /* gradientBackground.png in Resources */,
				59B1FDD216852D3F00B4B84A /* TableCellBackground.png in Resources */,
				59B1FDD416852D3F00B4B84A /* TableIconPlane.png in Resources */,
				597AB4D0168C7E70008205FD /* Default-568h@2x.png in Resources */,
				59C9B5F31694827400965F6D /* logoscan2.png in Resources */,
				5978EEFB16C7C08B00ADCCE3 /* dolphin30.png in Resources */,
				5978EEFC16C7C08B00ADCCE3 /* seal30.png in Resources */,
				5978EEFD16C7C08B00ADCCE3 /* shark30.png in Resources */,
				5978EEFE16C7C08B00ADCCE3 /* whale30.png in Resources */,
				5910CB4F16DA3A6B00B1840D /* InfoPlist.strings in Resources */,
				5910CB5016DA3A6B00B1840D /* ListView.xib in Resources */,
				5910CB5116DA3A6B00B1840D /* MainWindow.xib in Resources */,
				5910CB5216DA3A6B00B1840D /* MapView.xib in Resources */,
				5910CB5316DA3A6B00B1840D /* HomeView.xib in Resources */,
				5910CB5816DA3A6B00B1840D /* ScanFilterView.xib in Resources */,
				5910CB5A16DA3A6B00B1840D /* SeaScanApp-Info.plist in Resources */,
				5910CB6D16DA3AAA00B1840D /* InfoPlist.strings in Resources */,
				5910CB6E16DA3AAA00B1840D /* SeaScanAppTests-Info.plist in Resources */,
				5900F67A16EF5697003D63D2 /* seal30@2x.png in Resources */,
				5900F68416EF5716003D63D2 /* logoscan2@2x.png in Resources */,
				5900F68516EF5716003D63D2 /* shark30@2x.png in Resources */,
				5900F68616EF5716003D63D2 /* TableCellBackground@2x.png in Resources */,
				5900F68716EF5716003D63D2 /* TableIconPlane@2x.png in Resources */,
				5900F68816EF5716003D63D2 /* whale30@2x.png in Resources */,
				5920ABF916EF59BC00146B57 /* dolphin30@2x.png in Resources */,
				5978081E16F1F2B9001160DE /* 01-refresh.png in Resources */,
				5978081F16F1F2B9001160DE /* 01-refresh@2x.png in Resources */,
				5978082016F1F2B9001160DE /* 53-house.png in Resources */,
				5978082116F1F2B9001160DE /* 53-house@2x.png in Resources */,
				5978082216F1F2B9001160DE /* 103-map.png in Resources */,
				5978082316F1F2B9001160DE /* 103-map@2x.png in Resources */,
				5978082416F1F2B9001160DE /* 122-stats.png in Resources */,
				5978082516F1F2B9001160DE /* 122-stats@2x.png in Resources */,
				5978082816F1F2F7001160DE /* 74-location.png in Resources */,
				5978082916F1F2F7001160DE /* 74-location@2x.png in Resources */,
				597A7A6316F4881B008B7B90 /* 20-gear-2.png in Resources */,
				597A7A6416F4881B008B7B90 /* 20-gear-2@2x.png in Resources */,
			);
			runOnlyForDeploymentPostprocessing = 0;
		};
		59AC4E721638EFC000B3ED5B /* Resources */ = {
			isa = PBXResourcesBuildPhase;
			buildActionMask = 2147483647;
			files = (
			);
			runOnlyForDeploymentPostprocessing = 0;
		};
/* End PBXResourcesBuildPhase section */

/* Begin PBXShellScriptBuildPhase section */
		59AC4E731638EFC000B3ED5B /* ShellScript */ = {
			isa = PBXShellScriptBuildPhase;
			buildActionMask = 2147483647;
			files = (
			);
			inputPaths = (
			);
			outputPaths = (
			);
			runOnlyForDeploymentPostprocessing = 0;
			shellPath = /bin/sh;
			shellScript = "# Run the unit tests in this test bundle.\n\"${SYSTEM_DEVELOPER_DIR}/Tools/RunUnitTests\"\n";
		};
/* End PBXShellScriptBuildPhase section */

/* Begin PBXSourcesBuildPhase section */
		59AC4E471638EFBF00B3ED5B /* Sources */ = {
			isa = PBXSourcesBuildPhase;
			buildActionMask = 2147483647;
			files = (
				5910CB5416DA3A6B00B1840D /* HomeViewController.m in Sources */,
				5910CB5516DA3A6B00B1840D /* ListViewController.m in Sources */,
				5910CB5616DA3A6B00B1840D /* main.m in Sources */,
				5910CB5716DA3A6B00B1840D /* MapViewController.m in Sources */,
				5910CB5916DA3A6B00B1840D /* ScanFilterViewController.m in Sources */,
				5910CB5B16DA3A6B00B1840D /* SharkScanAppDelegate.m in Sources */,
				5910CB5C16DA3A6B00B1840D /* SSDataManager.m in Sources */,
				5910CB5D16DA3A6B00B1840D /* SSLatestTargets.m in Sources */,
				5910CB5E16DA3A6B00B1840D /* SSLocation.m in Sources */,
				5910CB5F16DA3A6B00B1840D /* SSMission.m in Sources */,
				5910CB6016DA3A6B00B1840D /* SSMissionRoutePoint.m in Sources */,
				5910CB6116DA3A6B00B1840D /* SSMissionRoutePointView.m in Sources */,
				5910CB6216DA3A6B00B1840D /* SSMissionStats.m in Sources */,
				5910CB6316DA3A6B00B1840D /* SSMissionView.m in Sources */,
				5910CB6416DA3A6B00B1840D /* SSSettings.m in Sources */,
				5910CB6516DA3A6B00B1840D /* SSTargetType.m in Sources */,
				5910CB6616DA3A6B00B1840D /* SSWebServiceConsumer.m in Sources */,
				5910CB6F16DA3AAA00B1840D /* SeaScanAppTests.m in Sources */,
			);
			runOnlyForDeploymentPostprocessing = 0;
		};
		59AC4E701638EFC000B3ED5B /* Sources */ = {
			isa = PBXSourcesBuildPhase;
			buildActionMask = 2147483647;
			files = (
			);
			runOnlyForDeploymentPostprocessing = 0;
		};
/* End PBXSourcesBuildPhase section */

/* Begin PBXTargetDependency section */
		597AB4C8168C7864008205FD /* PBXTargetDependency */ = {
			isa = PBXTargetDependency;
			name = RestKit;
			targetProxy = 597AB4C7168C7864008205FD /* PBXContainerItemProxy */;
		};
		59AC4E7C1638EFC000B3ED5B /* PBXTargetDependency */ = {
			isa = PBXTargetDependency;
			target = 59AC4E4A1638EFBF00B3ED5B /* SeaScanApp */;
			targetProxy = 59AC4E7B1638EFC000B3ED5B /* PBXContainerItemProxy */;
		};
/* End PBXTargetDependency section */

/* Begin PBXVariantGroup section */
		5910CB2216DA3A6B00B1840D /* InfoPlist.strings */ = {
			isa = PBXVariantGroup;
			children = (
				5910CB2316DA3A6B00B1840D /* en */,
			);
			name = InfoPlist.strings;
			sourceTree = "<group>";
		};
		5910CB2416DA3A6B00B1840D /* ListView.xib */ = {
			isa = PBXVariantGroup;
			children = (
				5910CB2516DA3A6B00B1840D /* en */,
			);
			name = ListView.xib;
			sourceTree = "<group>";
		};
		5910CB2616DA3A6B00B1840D /* MainWindow.xib */ = {
			isa = PBXVariantGroup;
			children = (
				5910CB2716DA3A6B00B1840D /* en */,
			);
			name = MainWindow.xib;
			sourceTree = "<group>";
		};
		5910CB2816DA3A6B00B1840D /* MapView.xib */ = {
			isa = PBXVariantGroup;
			children = (
				5910CB2916DA3A6B00B1840D /* en */,
			);
			name = MapView.xib;
			sourceTree = "<group>";
		};
		5910CB6816DA3AAA00B1840D /* InfoPlist.strings */ = {
			isa = PBXVariantGroup;
			children = (
				5910CB6916DA3AAA00B1840D /* en */,
			);
			name = InfoPlist.strings;
			sourceTree = "<group>";
		};
/* End PBXVariantGroup section */

/* Begin XCBuildConfiguration section */
		59AC4E871638EFC000B3ED5B /* Debug */ = {
			isa = XCBuildConfiguration;
			buildSettings = {
				ALWAYS_SEARCH_USER_PATHS = NO;
				ARCHS = "$(ARCHS_STANDARD_32_BIT)";
				CLANG_ENABLE_OBJC_ARC = YES;
				CLANG_WARN_OBJCPP_ARC_ABI = YES;
				"CODE_SIGN_IDENTITY[sdk=iphoneos*]" = "iPhone Developer";
				COPY_PHASE_STRIP = NO;
				GCC_C_LANGUAGE_STANDARD = gnu99;
				GCC_DYNAMIC_NO_PIC = NO;
				GCC_OPTIMIZATION_LEVEL = 0;
				GCC_PREPROCESSOR_DEFINITIONS = (
					"DEBUG=1",
					"$(inherited)",
				);
				GCC_SYMBOLS_PRIVATE_EXTERN = NO;
				GCC_VERSION = com.apple.compilers.llvmgcc42;
				GCC_WARN_ABOUT_MISSING_PROTOTYPES = YES;
				GCC_WARN_ABOUT_RETURN_TYPE = YES;
				GCC_WARN_UNUSED_VARIABLE = YES;
				HEADER_SEARCH_PATHS = "\"$(BUILT_PRODUCTS_DIR)/../../Headers\"";
				IPHONEOS_DEPLOYMENT_TARGET = 4.3;
				OTHER_LDFLAGS = (
					"-ObjC",
					"-all_load",
				);
				SDKROOT = iphoneos;
			};
			name = Debug;
		};
		59AC4E881638EFC000B3ED5B /* Release */ = {
			isa = XCBuildConfiguration;
			buildSettings = {
				ALWAYS_SEARCH_USER_PATHS = NO;
				ARCHS = "$(ARCHS_STANDARD_32_BIT)";
				CLANG_ENABLE_OBJC_ARC = YES;
				CLANG_WARN_OBJCPP_ARC_ABI = YES;
				"CODE_SIGN_IDENTITY[sdk=iphoneos*]" = "iPhone Developer";
				COPY_PHASE_STRIP = YES;
				GCC_C_LANGUAGE_STANDARD = gnu99;
				GCC_VERSION = com.apple.compilers.llvmgcc42;
				GCC_WARN_ABOUT_MISSING_PROTOTYPES = YES;
				GCC_WARN_ABOUT_RETURN_TYPE = YES;
				GCC_WARN_UNUSED_VARIABLE = YES;
				HEADER_SEARCH_PATHS = "\"$(BUILT_PRODUCTS_DIR)/../../Headers\"";
				IPHONEOS_DEPLOYMENT_TARGET = 4.3;
				OTHER_CFLAGS = "-DNS_BLOCK_ASSERTIONS=1";
				OTHER_LDFLAGS = (
					"-ObjC",
					"-all_load",
				);
				SDKROOT = iphoneos;
				VALIDATE_PRODUCT = YES;
			};
			name = Release;
		};
		59AC4E8A1638EFC000B3ED5B /* Debug */ = {
			isa = XCBuildConfiguration;
			buildSettings = {
				CLANG_ENABLE_OBJC_ARC = YES;
				GCC_PRECOMPILE_PREFIX_HEADER = YES;
				GCC_PREFIX_HEADER = "SeaScanApp/SeaScanApp-Prefix.pch";
				GCC_VERSION = com.apple.compilers.llvm.clang.1_0;
				INFOPLIST_FILE = "SeaScanApp/SeaScanApp-Info.plist";
				IPHONEOS_DEPLOYMENT_TARGET = 6.0;
				LIBRARY_SEARCH_PATHS = (
					"$(inherited)",
					"\"$(SRCROOT)/../../UAV/ardupilot-mega/Tools/ArdupilotMegaPlanner/APMPlannerXplanes/Debug\"",
				);
				PRODUCT_NAME = SeaScanApp;
				WRAPPER_EXTENSION = app;
			};
			name = Debug;
		};
		59AC4E8B1638EFC000B3ED5B /* Release */ = {
			isa = XCBuildConfiguration;
			buildSettings = {
				CLANG_ENABLE_OBJC_ARC = YES;
				GCC_PRECOMPILE_PREFIX_HEADER = YES;
				GCC_PREFIX_HEADER = "SeaScanApp/SeaScanApp-Prefix.pch";
				GCC_VERSION = com.apple.compilers.llvm.clang.1_0;
				INFOPLIST_FILE = "SeaScanApp/SeaScanApp-Info.plist";
				IPHONEOS_DEPLOYMENT_TARGET = 6.0;
				LIBRARY_SEARCH_PATHS = (
					"$(inherited)",
					"\"$(SRCROOT)/../../UAV/ardupilot-mega/Tools/ArdupilotMegaPlanner/APMPlannerXplanes/Debug\"",
				);
				PRODUCT_NAME = SeaScanApp;
				WRAPPER_EXTENSION = app;
			};
			name = Release;
		};
		59AC4E8D1638EFC000B3ED5B /* Debug */ = {
			isa = XCBuildConfiguration;
			buildSettings = {
				BUNDLE_LOADER = "$(BUILT_PRODUCTS_DIR)/SharkScan.app/SharkScan";
				CLANG_ENABLE_OBJC_ARC = YES;
				FRAMEWORK_SEARCH_PATHS = (
					"$(SDKROOT)/Developer/Library/Frameworks",
					"$(DEVELOPER_LIBRARY_DIR)/Frameworks",
				);
				GCC_PRECOMPILE_PREFIX_HEADER = YES;
				GCC_PREFIX_HEADER = "SharkScan/SharkScan-Prefix.pch";
				GCC_VERSION = com.apple.compilers.llvm.clang.1_0;
				INFOPLIST_FILE = "SharkScanTests/SeaScanAppTests-Info.plist";
				PRODUCT_NAME = SeaScanAppTests;
				TEST_HOST = "$(BUNDLE_LOADER)";
				WRAPPER_EXTENSION = octest;
			};
			name = Debug;
		};
		59AC4E8E1638EFC000B3ED5B /* Release */ = {
			isa = XCBuildConfiguration;
			buildSettings = {
				BUNDLE_LOADER = "$(BUILT_PRODUCTS_DIR)/SharkScan.app/SharkScan";
				CLANG_ENABLE_OBJC_ARC = YES;
				FRAMEWORK_SEARCH_PATHS = (
					"$(SDKROOT)/Developer/Library/Frameworks",
					"$(DEVELOPER_LIBRARY_DIR)/Frameworks",
				);
				GCC_PRECOMPILE_PREFIX_HEADER = YES;
				GCC_PREFIX_HEADER = "SharkScan/SharkScan-Prefix.pch";
				GCC_VERSION = com.apple.compilers.llvm.clang.1_0;
				INFOPLIST_FILE = "SharkScanTests/SeaScanAppTests-Info.plist";
				PRODUCT_NAME = SeaScanAppTests;
				TEST_HOST = "$(BUNDLE_LOADER)";
				WRAPPER_EXTENSION = octest;
			};
			name = Release;
		};
/* End XCBuildConfiguration section */

/* Begin XCConfigurationList section */
		59AC4E451638EFBF00B3ED5B /* Build configuration list for PBXProject "SeaScanApp" */ = {
			isa = XCConfigurationList;
			buildConfigurations = (
				59AC4E871638EFC000B3ED5B /* Debug */,
				59AC4E881638EFC000B3ED5B /* Release */,
			);
			defaultConfigurationIsVisible = 0;
			defaultConfigurationName = Release;
		};
		59AC4E891638EFC000B3ED5B /* Build configuration list for PBXNativeTarget "SeaScanApp" */ = {
			isa = XCConfigurationList;
			buildConfigurations = (
				59AC4E8A1638EFC000B3ED5B /* Debug */,
				59AC4E8B1638EFC000B3ED5B /* Release */,
			);
			defaultConfigurationIsVisible = 0;
			defaultConfigurationName = Release;
		};
		59AC4E8C1638EFC000B3ED5B /* Build configuration list for PBXNativeTarget "SeaScanAppTests" */ = {
			isa = XCConfigurationList;
			buildConfigurations = (
				59AC4E8D1638EFC000B3ED5B /* Debug */,
				59AC4E8E1638EFC000B3ED5B /* Release */,
			);
			defaultConfigurationIsVisible = 0;
			defaultConfigurationName = Release;
		};
/* End XCConfigurationList section */
	};
	rootObject = 59AC4E421638EFBF00B3ED5B /* Project object */;
}
